
Microsoft Visual Studio Solution File, Format Version 12.00
# Visual Studio Version 17
VisualStudioVersion = 17.8.34330.188
MinimumVisualStudioVersion = 10.0.40219.1
Project("{9A19103F-16F7-4668-BE54-9A1E7A4F7556}") = "Sunrise", "Sunrise.csproj", "{D3DE1470-8461-479C-9460-8002886FBD6D}"
EndProject
Global
	GlobalSection(SolutionConfigurationPlatforms) = preSolution
		Debug|Any CPU = Debug|Any CPU
		Release|Any CPU = Release|Any CPU
	EndGlobalSection
	GlobalSection(ProjectConfigurationPlatforms) = postSolution
		{D3DE1470-8461-479C-9460-8002886FBD6D}.Debug|Any CPU.ActiveCfg = Debug|Any CPU
		{D3DE1470-8461-479C-9460-8002886FBD6D}.Debug|Any CPU.Build.0 = Debug|Any CPU
		{D3DE1470-8461-479C-9460-8002886FBD6D}.Release|Any CPU.ActiveCfg = Release|Any CPU
		{D3DE1470-8461-479C-9460-8002886FBD6D}.Release|Any CPU.Build.0 = Release|Any CPU
	EndGlobalSection
	GlobalSection(SolutionProperties) = preSolution
		HideSolutionNode = FALSE
	EndGlobalSection
	GlobalSection(ExtensibilityGlobals) = postSolution
		SolutionGuid = {37AE2B44-3EEA-490E-BA2C-D7FE108F690E}
	EndGlobalSection
EndGlobal
